PODS:
  - AFNetworking (4.0.1):
    - AFNetworking/NSURLSession (= 4.0.1)
    - AFNetworking/Reachability (= 4.0.1)
    - AFNetworking/Security (= 4.0.1)
    - AFNetworking/Serialization (= 4.0.1)
    - AFNetworking/UIKit (= 4.0.1)
  - AFNetworking/NSURLSession (4.0.1):
    - AFNetworking/Reachability
    - AFNetworking/Security
    - AFNetworking/Serialization
  - AFNetworking/Reachability (4.0.1)
  - AFNetworking/Security (4.0.1)
  - AFNetworking/Serialization (4.0.1)
  - AFNetworking/UIKit (4.0.1):
    - AFNetworking/NSURLSession
  - DRNetWork (0.1.2):
    - AFNetworking
    - MBProgressHUD
    - Reachability
    - SVProgressHUD
  - MBProgressHUD (1.2.0)
  - Reachability (3.7.6)
  - SVProgressHUD (2.3.1):
    - SVProgressHUD/Core (= 2.3.1)
  - SVProgressHUD/Core (2.3.1)

DEPENDENCIES:
  - DRNetWork (from `../`)

SPEC REPOS:
  trunk:
    - AFNetworking
    - MBProgressHUD
    - Reachability
    - SVProgressHUD

EXTERNAL SOURCES:
  DRNetWork:
    :path: "../"

SPEC CHECKSUMS:
  AFNetworking: 3bd23d814e976cd148d7d44c3ab78017b744cd58
  DRNetWork: 0af7f728242054e069d37820c01dd36838fd51cc
  MBProgressHUD: 3ee5efcc380f6a79a7cc9b363dd669c5e1ae7406
  Reachability: fd0ecd23705e2599e4cceeb943222ae02296cbc6
  SVProgressHUD: 4837c74bdfe2e51e8821c397825996a8d7de6e22

PODFILE CHECKSUM: d06e42e6e15fa91a52dd106844ef6d74244062bf

COCOAPODS: 1.16.2
