PODS:
  - AFNetworking (4.0.1):
    - AFNetworking/NSURLSession (= 4.0.1)
    - AFNetworking/Reachability (= 4.0.1)
    - AFNetworking/Security (= 4.0.1)
    - AFNetworking/Serialization (= 4.0.1)
    - AFNetworking/UIKit (= 4.0.1)
  - AFNetworking/NSURLSession (4.0.1):
    - AFNetworking/Reachability
    - AFNetworking/Security
    - AFNetworking/Serialization
  - AFNetworking/Reachability (4.0.1)
  - AFNetworking/Security (4.0.1)
  - AFNetworking/Serialization (4.0.1)
  - AFNetworking/UIKit (4.0.1):
    - AFNetworking/NSURLSession
  - DRNetWork (0.1.0):
    - AFNetworking
    - MBProgressHUD
    - Reachability
    - SVProgressHUD
  - FBSnapshotTestCase (2.1.4):
    - FBSnapshotTestCase/SwiftSupport (= 2.1.4)
  - FBSnapshotTestCase/Core (2.1.4)
  - FBSnapshotTestCase/SwiftSupport (2.1.4):
    - FBSnapshotTestCase/Core
  - MBProgressHUD (1.2.0)
  - Reachability (3.2)
  - SVProgressHUD (2.2.5)

DEPENDENCIES:
  - AFNetworking
  - DRNetWork (from `../`)
  - FBSnapshotTestCase
  - MBProgressHUD
  - Reachability
  - SVProgressHUD

SPEC REPOS:
  trunk:
    - AFNetworking
    - FBSnapshotTestCase
    - MBProgressHUD
    - Reachability
    - SVProgressHUD

EXTERNAL SOURCES:
  DRNetWork:
    :path: "../"

SPEC CHECKSUMS:
  AFNetworking: 7864c38297c79aaca1500c33288e429c3451fdce
  DRNetWork: 5cc721357606e261d40bafe6baf1b040f476f65c
  FBSnapshotTestCase: 094f9f314decbabe373b87cc339bea235a63e07a
  MBProgressHUD: 3ee5efcc380f6a79a7cc9b363dd669c5e1ae7406
  Reachability: 33e18b67625424e47b6cde6d202dce689ad7af96
  SVProgressHUD: 1428aafac632c1f86f62aa4243ec12008d7a51d6

PODFILE CHECKSUM: 6e9809f018233fcfbbf61dff99fc4088e83b8106

COCOAPODS: 1.11.3
